{
  "name": "illusory",
  "version": "1.0.0",
  "lockfileVersion": 1,
  "requires": true,
  "dependencies": {
    "@storybook/core-events": {
      "version": "5.3.13",
      "resolved": "https://registry.npmjs.org/@storybook/core-events/-/core-events-5.3.13.tgz",
      "integrity": "sha512-RAnQe/I+1Ri+aYGhaNn07467cyespNX9R9i1AzFT/baBOQF2N+998mfgRu4/i/Q9YuOXIyHhw1a7JHbE/8e1lw==",
      "requires": {
        "core-js": "^3.0.1"
      }
    },
    "core-js": {
      "version": "3.6.4",
      "resolved": "https://registry.npmjs.org/core-js/-/core-js-3.6.4.tgz",
      "integrity": "sha512-4paDGScNgZP2IXXilaffL9X7968RuvwlkK3xWtZRVqgd8SYNiVKRJvkFd1aqqEuPfN7E68ZHEp9hDj6lHj4Hyw=="
    },
    "ws": {
      "version": "7.4.6",
      "resolved": "https://registry.npmjs.org/ws/-/ws-7.4.6.tgz",
      "integrity": "sha512-YmhHDO4MzaDLB+M9ym/mDA5z0naX8j7SIlT8f8z+I0VtzsRbekxEutHSme7NPS2qE8StCYQNUnfWdXta/Yu85A=="
    }
  }
}
